<?xml version="1.0" encoding="utf-8"?>
<Project ToolsVersion="4.0" xmlns="http://schemas.microsoft.com/developer/msbuild/2003">
  <ItemGroup>
    <Filter Include="源文件">
      <UniqueIdentifier>{4FC737F1-C7A5-4376-A066-2A32D752A2FF}</UniqueIdentifier>
      <Extensions>cpp;c;cc;cxx;def;odl;idl;hpj;bat;asm;asmx</Extensions>
    </Filter>
    <Filter Include="头文件">
      <UniqueIdentifier>{93995380-89BD-4b04-88EB-625FBE52EBFB}</UniqueIdentifier>
      <Extensions>h;hh;hpp;hxx;hm;inl;inc;ipp;xsd</Extensions>
    </Filter>
    <Filter Include="资源文件">
      <UniqueIdentifier>{67DA6AB6-F800-4c08-8B7A-83BB121AAD01}</UniqueIdentifier>
      <Extensions>rc;ico;cur;bmp;dlg;rc2;rct;bin;rgs;gif;jpg;jpeg;jpe;resx;tiff;tif;png;wav;mfcribbon-ms</Extensions>
    </Filter>
    <Filter Include="头文件\timer">
      <UniqueIdentifier>{7d634de5-bcd0-4380-8590-f8a35b0aa605}</UniqueIdentifier>
    </Filter>
    <Filter Include="源文件\timer">
      <UniqueIdentifier>{814c344a-787f-4059-a665-b5c0fe8b2b6f}</UniqueIdentifier>
    </Filter>
    <Filter Include="头文件\d3dFramework">
      <UniqueIdentifier>{bd3ddf4f-ff15-463f-8702-802fcd7c9fc8}</UniqueIdentifier>
    </Filter>
    <Filter Include="源文件\d3dFramework">
      <UniqueIdentifier>{63e20938-b071-4c44-9531-15ac1a884543}</UniqueIdentifier>
    </Filter>
    <Filter Include="头文件\Sample">
      <UniqueIdentifier>{22a026f7-7608-41a6-a945-d54cdfb7e3c4}</UniqueIdentifier>
    </Filter>
    <Filter Include="源文件\Sample">
      <UniqueIdentifier>{b8a0b9f5-546e-4157-94f5-bbc048fadd12}</UniqueIdentifier>
    </Filter>
  </ItemGroup>
  <ItemGroup>
    <ClInclude Include="stdafx.h">
      <Filter>头文件</Filter>
    </ClInclude>
    <ClInclude Include="targetver.h">
      <Filter>头文件</Filter>
    </ClInclude>
    <ClInclude Include="Resource.h">
      <Filter>头文件</Filter>
    </ClInclude>
    <ClInclude Include="LearnDirect3D11.h">
      <Filter>头文件</Filter>
    </ClInclude>
    <ClInclude Include="D3DUtils.h">
      <Filter>头文件</Filter>
    </ClInclude>
    <ClInclude Include="GameTimer.h">
      <Filter>头文件\timer</Filter>
    </ClInclude>
    <ClInclude Include="d3dApp.h">
      <Filter>头文件\d3dFramework</Filter>
    </ClInclude>
    <ClInclude Include="InitDirect3DApp.h">
      <Filter>头文件\Sample</Filter>
    </ClInclude>
  </ItemGroup>
  <ItemGroup>
    <ClCompile Include="stdafx.cpp">
      <Filter>源文件</Filter>
    </ClCompile>
    <ClCompile Include="LearnDirect3D11.cpp">
      <Filter>源文件</Filter>
    </ClCompile>
    <ClCompile Include="GameTimer.cpp">
      <Filter>源文件\timer</Filter>
    </ClCompile>
    <ClCompile Include="d3dApp.cpp">
      <Filter>源文件\d3dFramework</Filter>
    </ClCompile>
    <ClCompile Include="InitDirect3DApp.cpp">
      <Filter>源文件\Sample</Filter>
    </ClCompile>
  </ItemGroup>
  <ItemGroup>
    <ResourceCompile Include="LearnDirect3D11.rc">
      <Filter>资源文件</Filter>
    </ResourceCompile>
  </ItemGroup>
  <ItemGroup>
    <Image Include="small.ico">
      <Filter>资源文件</Filter>
    </Image>
    <Image Include="LearnDirect3D11.ico">
      <Filter>资源文件</Filter>
    </Image>
  </ItemGroup>
</Project>