<?xml version="1.0" encoding="utf-8"?>
<Project ToolsVersion="4.0" xmlns="http://schemas.microsoft.com/developer/msbuild/2003">
  <ItemGroup>
    <Filter Include="源文件">
      <UniqueIdentifier>{4FC737F1-C7A5-4376-A066-2A32D752A2FF}</UniqueIdentifier>
      <Extensions>cpp;c;cc;cxx;def;odl;idl;hpj;bat;asm;asmx</Extensions>
    </Filter>
    <Filter Include="头文件">
      <UniqueIdentifier>{93995380-89BD-4b04-88EB-625FBE52EBFB}</UniqueIdentifier>
      <Extensions>h;hh;hpp;hxx;hm;inl;inc;ipp;xsd</Extensions>
    </Filter>
    <Filter Include="资源文件">
      <UniqueIdentifier>{67DA6AB6-F800-4c08-8B7A-83BB121AAD01}</UniqueIdentifier>
      <Extensions>rc;ico;cur;bmp;dlg;rc2;rct;bin;rgs;gif;jpg;jpeg;jpe;resx;tiff;tif;png;wav;mfcribbon-ms</Extensions>
    </Filter>
    <Filter Include="头文件\d3dFrameWork">
      <UniqueIdentifier>{e3619af8-ef09-4d71-b8b2-241788e2d3c1}</UniqueIdentifier>
    </Filter>
    <Filter Include="头文件\Sample">
      <UniqueIdentifier>{4aa79f76-4854-468f-87a9-608cdf5e47c7}</UniqueIdentifier>
    </Filter>
    <Filter Include="头文件\Utils">
      <UniqueIdentifier>{ffce7c68-99df-4d7c-9776-df6dfd7788f3}</UniqueIdentifier>
    </Filter>
    <Filter Include="头文件\Component">
      <UniqueIdentifier>{736cd1aa-e3a3-4b90-bb99-0810ebae4fad}</UniqueIdentifier>
    </Filter>
    <Filter Include="源文件\d3dFrameWork">
      <UniqueIdentifier>{15b68956-cf95-4df5-92cd-2f3df76737d3}</UniqueIdentifier>
    </Filter>
    <Filter Include="源文件\Sample">
      <UniqueIdentifier>{efc07311-a299-46c8-8419-27ae3576a26a}</UniqueIdentifier>
    </Filter>
    <Filter Include="源文件\Component">
      <UniqueIdentifier>{065b8e9c-9de2-4a8a-8b83-db046228e8fa}</UniqueIdentifier>
    </Filter>
    <Filter Include="源文件\Utils">
      <UniqueIdentifier>{72923a0d-a017-42de-9529-38eed1bd348e}</UniqueIdentifier>
    </Filter>
    <Filter Include="Shader">
      <UniqueIdentifier>{7e91d435-d79b-497c-9d54-8c60f484483c}</UniqueIdentifier>
    </Filter>
    <Filter Include="Shader\Sample3 DrawShape">
      <UniqueIdentifier>{1649946c-fbc5-4b90-a6b4-4c54500a31e8}</UniqueIdentifier>
    </Filter>
    <Filter Include="Shader\Sample4 Lighting">
      <UniqueIdentifier>{ada783a2-e666-4732-9ed2-d78631593035}</UniqueIdentifier>
    </Filter>
    <Filter Include="Shader\Common">
      <UniqueIdentifier>{22906125-8c98-4f95-8988-9416b050280c}</UniqueIdentifier>
    </Filter>
    <Filter Include="头文件\Common">
      <UniqueIdentifier>{614c345b-4d65-4287-a0d6-eb32d92e67cc}</UniqueIdentifier>
    </Filter>
    <Filter Include="Shader\Sample5 Texture">
      <UniqueIdentifier>{29674c22-7e18-441e-aaef-88f89dd3ebd0}</UniqueIdentifier>
    </Filter>
    <Filter Include="Shader\Sample6 Blend">
      <UniqueIdentifier>{1defb318-78b0-4dde-8dce-fc4637db815d}</UniqueIdentifier>
    </Filter>
    <Filter Include="Shader\Sample7 DepthStencil">
      <UniqueIdentifier>{92ae138b-e725-48cb-a3cd-010b063802b2}</UniqueIdentifier>
    </Filter>
    <Filter Include="Shader\Sample8 geometryShader">
      <UniqueIdentifier>{b29c6cbf-f241-4aa1-bc86-156e9ef80ec1}</UniqueIdentifier>
    </Filter>
    <Filter Include="Shader\Sample9 ComputeShader">
      <UniqueIdentifier>{f03982a6-abc3-49ef-8416-090cd0550077}</UniqueIdentifier>
    </Filter>
    <Filter Include="Shader\Sample10 Instancing">
      <UniqueIdentifier>{3a78d7c2-e410-4f07-bfd1-e37a947baab3}</UniqueIdentifier>
    </Filter>
  </ItemGroup>
  <ItemGroup>
    <ClInclude Include="pch.h">
      <Filter>头文件</Filter>
    </ClInclude>
    <ClInclude Include="d3dApp.h">
      <Filter>头文件\d3dFrameWork</Filter>
    </ClInclude>
    <ClInclude Include="GameTimer.h">
      <Filter>头文件\d3dFrameWork</Filter>
    </ClInclude>
    <ClInclude Include="GeometryGenerator.h">
      <Filter>头文件\d3dFrameWork</Filter>
    </ClInclude>
    <ClInclude Include="Sample1_DrawBox.h">
      <Filter>头文件\Sample</Filter>
    </ClInclude>
    <ClInclude Include="Sample2_DrawHils.h">
      <Filter>头文件\Sample</Filter>
    </ClInclude>
    <ClInclude Include="InitDirect3DApp.h">
      <Filter>头文件\Sample</Filter>
    </ClInclude>
    <ClInclude Include="D3DUtils.h">
      <Filter>头文件\Utils</Filter>
    </ClInclude>
    <ClInclude Include="Camera.h">
      <Filter>头文件\Component</Filter>
    </ClInclude>
    <ClInclude Include="MathF.h">
      <Filter>头文件\Utils</Filter>
    </ClInclude>
    <ClInclude Include="Sample3_DrawShape.h">
      <Filter>头文件\Sample</Filter>
    </ClInclude>
    <ClInclude Include="Sample4_Lighting.h">
      <Filter>头文件\Sample</Filter>
    </ClInclude>
    <ClInclude Include="Light.h">
      <Filter>头文件\d3dFrameWork</Filter>
    </ClInclude>
    <ClInclude Include="Shader.h">
      <Filter>头文件\d3dFrameWork</Filter>
    </ClInclude>
    <ClInclude Include="InputSignature.h">
      <Filter>头文件\d3dFrameWork</Filter>
    </ClInclude>
    <ClInclude Include="Mesh.h">
      <Filter>头文件\d3dFrameWork</Filter>
    </ClInclude>
    <ClInclude Include="DefaultVetexStruct.h">
      <Filter>头文件\Common</Filter>
    </ClInclude>
    <ClInclude Include="Sample5_Texture.h">
      <Filter>头文件\Sample</Filter>
    </ClInclude>
    <ClInclude Include="Texture.h">
      <Filter>头文件\d3dFrameWork</Filter>
    </ClInclude>
    <ClInclude Include="Sample6_Blend.h">
      <Filter>头文件\Sample</Filter>
    </ClInclude>
    <ClInclude Include="Sample7_DepthStencil.h">
      <Filter>头文件\Sample</Filter>
    </ClInclude>
    <ClInclude Include="Sample8_Billboard.h">
      <Filter>头文件\Sample</Filter>
    </ClInclude>
    <ClInclude Include="Sample9_SimpleCSDemo_VecAddcpp.h">
      <Filter>头文件\Sample</Filter>
    </ClInclude>
    <ClInclude Include="Sample9_RenderToTexture.h">
      <Filter>头文件\Sample</Filter>
    </ClInclude>
    <ClInclude Include="Sample10_Instancing.h">
      <Filter>头文件\Sample</Filter>
    </ClInclude>
    <ClInclude Include="Sample11_Frustum.h">
      <Filter>头文件\Sample</Filter>
    </ClInclude>
    <ClInclude Include="xnacollision.h">
      <Filter>头文件\Utils</Filter>
    </ClInclude>
  </ItemGroup>
  <ItemGroup>
    <ClCompile Include="pch.cpp">
      <Filter>源文件</Filter>
    </ClCompile>
    <ClCompile Include="main.cpp">
      <Filter>源文件</Filter>
    </ClCompile>
    <ClCompile Include="d3dApp.cpp">
      <Filter>源文件\d3dFrameWork</Filter>
    </ClCompile>
    <ClCompile Include="GameTimer.cpp">
      <Filter>源文件\d3dFrameWork</Filter>
    </ClCompile>
    <ClCompile Include="Sampel1_DrawBoxcpp.cpp">
      <Filter>源文件\Sample</Filter>
    </ClCompile>
    <ClCompile Include="Sample2_DrawHils.cpp">
      <Filter>源文件\Sample</Filter>
    </ClCompile>
    <ClCompile Include="Camera.cpp">
      <Filter>源文件\Component</Filter>
    </ClCompile>
    <ClCompile Include="D3DUtils.cpp">
      <Filter>源文件\Utils</Filter>
    </ClCompile>
    <ClCompile Include="MathF.cpp">
      <Filter>源文件\Utils</Filter>
    </ClCompile>
    <ClCompile Include="InitDirect3DApp.cpp">
      <Filter>源文件\Sample</Filter>
    </ClCompile>
    <ClCompile Include="Sample3_DrawShape.cpp">
      <Filter>源文件\Sample</Filter>
    </ClCompile>
    <ClCompile Include="Sample4_Lighting.cpp">
      <Filter>源文件\Sample</Filter>
    </ClCompile>
    <ClCompile Include="Shader.cpp">
      <Filter>源文件\d3dFrameWork</Filter>
    </ClCompile>
    <ClCompile Include="Mesh.cpp">
      <Filter>源文件\d3dFrameWork</Filter>
    </ClCompile>
    <ClCompile Include="Texture.cpp">
      <Filter>源文件\d3dFrameWork</Filter>
    </ClCompile>
    <ClCompile Include="Sample5_Texture.cpp">
      <Filter>源文件\Sample</Filter>
    </ClCompile>
    <ClCompile Include="Sample6_Blend.cpp">
      <Filter>源文件\Sample</Filter>
    </ClCompile>
    <ClCompile Include="Sample7_DepthStencil.cpp">
      <Filter>源文件\Sample</Filter>
    </ClCompile>
    <ClCompile Include="Sample8_Billboard.cpp">
      <Filter>源文件\Sample</Filter>
    </ClCompile>
    <ClCompile Include="Sample9_SimpleCSDemo_VecAddcpp.cpp">
      <Filter>源文件\Sample</Filter>
    </ClCompile>
    <ClCompile Include="Sample9_RenderToTexture.cpp">
      <Filter>源文件\Sample</Filter>
    </ClCompile>
    <ClCompile Include="Sample10_Instancing.cpp">
      <Filter>源文件\Sample</Filter>
    </ClCompile>
    <ClCompile Include="Sample11_Frustum.cpp">
      <Filter>源文件\Sample</Filter>
    </ClCompile>
    <ClCompile Include="xnacollision.cpp">
      <Filter>源文件\Utils</Filter>
    </ClCompile>
  </ItemGroup>
  <ItemGroup>
    <CustomBuild Include="Shader\Sample3 DrawShape\drawCylinder.fx">
      <Filter>Shader\Sample3 DrawShape</Filter>
    </CustomBuild>
    <CustomBuild Include="Shader\Sample4 Lighting\lightDemo.fx">
      <Filter>Shader\Sample4 Lighting</Filter>
    </CustomBuild>
    <CustomBuild Include="Shader\Common\DrawLightSphere.fx">
      <Filter>Shader\Common</Filter>
    </CustomBuild>
    <CustomBuild Include="Shader\Sample5 Texture\textureMap.fx">
      <Filter>Shader\Sample5 Texture</Filter>
    </CustomBuild>
    <CustomBuild Include="Shader\Sample6 Blend\simpleFog.fx">
      <Filter>Shader\Sample6 Blend</Filter>
    </CustomBuild>
    <CustomBuild Include="Shader\Sample7 DepthStencil\diffuseShader.fx">
      <Filter>Shader\Sample7 DepthStencil</Filter>
    </CustomBuild>
    <CustomBuild Include="Shader\Sample8 GeometryShader\billboard.fx">
      <Filter>Shader\Sample8 geometryShader</Filter>
    </CustomBuild>
    <CustomBuild Include="Shader\Sample9 ComputeShader\VecAdd.fx">
      <Filter>Shader\Sample9 ComputeShader</Filter>
    </CustomBuild>
    <CustomBuild Include="Shader\Sample9 ComputeShader\postEffect.fx">
      <Filter>Shader\Sample9 ComputeShader</Filter>
    </CustomBuild>
    <CustomBuild Include="Shader\Sample10 Instancing\instancingShader.fx">
      <Filter>Shader\Sample10 Instancing</Filter>
    </CustomBuild>
    <CustomBuild Include="Shader\Sample10 Instancing\frustum.fx">
      <Filter>Shader\Sample10 Instancing</Filter>
    </CustomBuild>
  </ItemGroup>
  <ItemGroup>
    <FxCompile Include="Shader\aaa.hlsl">
      <Filter>Shader</Filter>
    </FxCompile>
  </ItemGroup>
</Project>